
Microsoft Visual Studio Solution File, Format Version 12.00
# Visual Studio Version 16
VisualStudioVersion = 16.0.30204.135
MinimumVisualStudioVersion = 10.0.40219.1
Project("{FAE04EC0-301F-11D3-BF4B-00C04F79EFBC}") = "Session01", "Session01\Session01.csproj", "{2AF98003-6DB3-41CC-8D4F-780A89E22973}"
EndProject
Global
	GlobalSection(SolutionConfigurationPlatforms) = preSolution
		Debug|Any CPU = Debug|Any CPU
		Release|Any CPU = Release|Any CPU
	EndGlobalSection
	GlobalSection(ProjectConfigurationPlatforms) = postSolution
		{2AF98003-6DB3-41CC-8D4F-780A89E22973}.Debug|Any CPU.ActiveCfg = Debug|Any CPU
		{2AF98003-6DB3-41CC-8D4F-780A89E22973}.Debug|Any CPU.Build.0 = Debug|Any CPU
		{2AF98003-6DB3-41CC-8D4F-780A89E22973}.Release|Any CPU.ActiveCfg = Release|Any CPU
		{2AF98003-6DB3-41CC-8D4F-780A89E22973}.Release|Any CPU.Build.0 = Release|Any CPU
	EndGlobalSection
	GlobalSection(SolutionProperties) = preSolution
		HideSolutionNode = FALSE
	EndGlobalSection
	GlobalSection(ExtensibilityGlobals) = postSolution
		SolutionGuid = {529B9EAF-0711-4E08-9AAC-B78586758A80}
	EndGlobalSection
EndGlobal
